// !$*UTF8*$!
{
	archiveVersion = 1;
	classes = {
	};
	objectVersion = 51;
	objects = {

/* Begin PBXBuildFile section */
		0FE51C0EE69C3DBF2FC21E20 /* RemoteFeedLoaderTests.swift in Sources */ = {isa = PBXBuildFile; fileRef = C6D4366B1392BEF5889BD553 /* RemoteFeedLoaderTests.swift */; };
		166EC8A764A8F362BFC10AEC /* Assets.xcassets in Resources */ = {isa = PBXBuildFile; fileRef = 6717F4C88E3261EED4B3A6B0 /* Assets.xcassets */; };
		2DD3D3F571F561E8351DF263 /* LaunchScreen.storyboard in Resources */ = {isa = PBXBuildFile; fileRef = 35122ADB515B5735166BBE78 /* LaunchScreen.storyboard */; };
		38F5F42FD93E298CFAE81D2B /* FeedLoader.swift in Sources */ = {isa = PBXBuildFile; fileRef = 879F7483E4A1E5F92ECCC7EC /* FeedLoader.swift */; };
		696A39DAB6DA7F7E6B8A5745 /* HTTPClient.swift in Sources */ = {isa = PBXBuildFile; fileRef = 1D0D8110EF98257A11799DC9 /* HTTPClient.swift */; };
		7478709CDB72D75E469B170E /* SceneDelegate.swift in Sources */ = {isa = PBXBuildFile; fileRef = 185B6A8C9942A5DFA8B8790E /* SceneDelegate.swift */; };
		7C23C0EB4F918BD50721D8E3 /* FeedItem.swift in Sources */ = {isa = PBXBuildFile; fileRef = 363ED52C0AA373AD01563A3D /* FeedItem.swift */; };
		8D763718B768C610F18DEB2F /* Main.storyboard in Resources */ = {isa = PBXBuildFile; fileRef = 33FED0E1FAEAE2C5168AF289 /* Main.storyboard */; };
		C58DE3E1BD048A6142F7D9BD /* FeedItemMapper.swift in Sources */ = {isa = PBXBuildFile; fileRef = 36FD7D52A19DAA1FE0DB3CF1 /* FeedItemMapper.swift */; };
		EB14DC1C7490EAAAB46530B9 /* RemoteFeedLoader.swift in Sources */ = {isa = PBXBuildFile; fileRef = 3E9CAE13C843D796676318D4 /* RemoteFeedLoader.swift */; };
		EEBEC4A9F103DD5F98E09984 /* AppDelegate.swift in Sources */ = {isa = PBXBuildFile; fileRef = B9E6D4B70ED6B43DECB77289 /* AppDelegate.swift */; };
		F188ACFB1F0157C770AA1A09 /* ViewController.swift in Sources */ = {isa = PBXBuildFile; fileRef = F76951DB610AFDC0A89D2FB2 /* ViewController.swift */; };
/* End PBXBuildFile section */

/* Begin PBXContainerItemProxy section */
		42CF28C54AB74F6A0E5521EB /* PBXContainerItemProxy */ = {
			isa = PBXContainerItemProxy;
			containerPortal = C8A66836E32E023374EEC523 /* Project object */;
			proxyType = 1;
			remoteGlobalIDString = 99A3940170413F7FE89449DE;
			remoteInfo = EssentialFeed;
		};
/* End PBXContainerItemProxy section */

/* Begin PBXFileReference section */
		185B6A8C9942A5DFA8B8790E /* SceneDelegate.swift */ = {isa = PBXFileReference; lastKnownFileType = sourcecode.swift; path = SceneDelegate.swift; sourceTree = "<group>"; };
		1D0D8110EF98257A11799DC9 /* HTTPClient.swift */ = {isa = PBXFileReference; lastKnownFileType = sourcecode.swift; path = HTTPClient.swift; sourceTree = "<group>"; };
		30F45E4639B750013ECD7DDE /* Info.plist */ = {isa = PBXFileReference; lastKnownFileType = text.plist; path = Info.plist; sourceTree = "<group>"; };
		363ED52C0AA373AD01563A3D /* FeedItem.swift */ = {isa = PBXFileReference; lastKnownFileType = sourcecode.swift; path = FeedItem.swift; sourceTree = "<group>"; };
		36FD7D52A19DAA1FE0DB3CF1 /* FeedItemMapper.swift */ = {isa = PBXFileReference; lastKnownFileType = sourcecode.swift; path = FeedItemMapper.swift; sourceTree = "<group>"; };
		37202F103D88968953B3CBBD /* Info.plist */ = {isa = PBXFileReference; lastKnownFileType = text.plist; path = Info.plist; sourceTree = "<group>"; };
		3E9CAE13C843D796676318D4 /* RemoteFeedLoader.swift */ = {isa = PBXFileReference; lastKnownFileType = sourcecode.swift; path = RemoteFeedLoader.swift; sourceTree = "<group>"; };
		6717F4C88E3261EED4B3A6B0 /* Assets.xcassets */ = {isa = PBXFileReference; lastKnownFileType = folder.assetcatalog; path = Assets.xcassets; sourceTree = "<group>"; };
		879F7483E4A1E5F92ECCC7EC /* FeedLoader.swift */ = {isa = PBXFileReference; lastKnownFileType = sourcecode.swift; path = FeedLoader.swift; sourceTree = "<group>"; };
		8B312E08564758199491DD60 /* Base */ = {isa = PBXFileReference; lastKnownFileType = file.storyboard; name = Base; path = Base.lproj/Main.storyboard; sourceTree = "<group>"; };
		A3A7B6F35877608D893758B1 /* EssentialFeedTests.xctest */ = {isa = PBXFileReference; includeInIndex = 0; lastKnownFileType = wrapper.cfbundle; path = EssentialFeedTests.xctest; sourceTree = BUILT_PRODUCTS_DIR; };
		B9E6D4B70ED6B43DECB77289 /* AppDelegate.swift */ = {isa = PBXFileReference; lastKnownFileType = sourcecode.swift; path = AppDelegate.swift; sourceTree = "<group>"; };
		BF8890B2651DD19578021E9D /* Base */ = {isa = PBXFileReference; lastKnownFileType = file.storyboard; name = Base; path = Base.lproj/LaunchScreen.storyboard; sourceTree = "<group>"; };
		C6D4366B1392BEF5889BD553 /* RemoteFeedLoaderTests.swift */ = {isa = PBXFileReference; lastKnownFileType = sourcecode.swift; path = RemoteFeedLoaderTests.swift; sourceTree = "<group>"; };
		D3DD65C40972D709EFEC63F4 /* EssentialFeed.app */ = {isa = PBXFileReference; includeInIndex = 0; lastKnownFileType = wrapper.application; path = EssentialFeed.app; sourceTree = BUILT_PRODUCTS_DIR; };
		F76951DB610AFDC0A89D2FB2 /* ViewController.swift */ = {isa = PBXFileReference; lastKnownFileType = sourcecode.swift; path = ViewController.swift; sourceTree = "<group>"; };
/* End PBXFileReference section */

/* Begin PBXGroup section */
		1668ECEBAD6E132367BF06C9 /* EssentialFeed */ = {
			isa = PBXGroup;
			children = (
				B9E6D4B70ED6B43DECB77289 /* AppDelegate.swift */,
				6717F4C88E3261EED4B3A6B0 /* Assets.xcassets */,
				30F45E4639B750013ECD7DDE /* Info.plist */,
				35122ADB515B5735166BBE78 /* LaunchScreen.storyboard */,
				33FED0E1FAEAE2C5168AF289 /* Main.storyboard */,
				185B6A8C9942A5DFA8B8790E /* SceneDelegate.swift */,
				F76951DB610AFDC0A89D2FB2 /* ViewController.swift */,
				E8C05ADCB56276DC7BF4FDD9 /* Feed API */,
				5099FCFC65B9F62D1E7F874F /* Feed Feature */,
			);
			path = EssentialFeed;
			sourceTree = "<group>";
		};
		1A3EF788EEE4D299C252D9AE /* Feed API */ = {
			isa = PBXGroup;
			children = (
				C6D4366B1392BEF5889BD553 /* RemoteFeedLoaderTests.swift */,
			);
			path = "Feed API";
			sourceTree = "<group>";
		};
		1BFD49E10C01A1D5E4B5B8EE /* EssentialFeedTests */ = {
			isa = PBXGroup;
			children = (
				37202F103D88968953B3CBBD /* Info.plist */,
				1A3EF788EEE4D299C252D9AE /* Feed API */,
			);
			path = EssentialFeedTests;
			sourceTree = "<group>";
		};
		5099FCFC65B9F62D1E7F874F /* Feed Feature */ = {
			isa = PBXGroup;
			children = (
				363ED52C0AA373AD01563A3D /* FeedItem.swift */,
				879F7483E4A1E5F92ECCC7EC /* FeedLoader.swift */,
			);
			path = "Feed Feature";
			sourceTree = "<group>";
		};
		60C091C119EC30CD09D4422F /* Products */ = {
			isa = PBXGroup;
			children = (
				D3DD65C40972D709EFEC63F4 /* EssentialFeed.app */,
				A3A7B6F35877608D893758B1 /* EssentialFeedTests.xctest */,
			);
			name = Products;
			sourceTree = "<group>";
		};
		7C6BE2136EF54CDD8636D422 = {
			isa = PBXGroup;
			children = (
				1668ECEBAD6E132367BF06C9 /* EssentialFeed */,
				1BFD49E10C01A1D5E4B5B8EE /* EssentialFeedTests */,
				60C091C119EC30CD09D4422F /* Products */,
			);
			sourceTree = "<group>";
		};
		E8C05ADCB56276DC7BF4FDD9 /* Feed API */ = {
			isa = PBXGroup;
			children = (
				36FD7D52A19DAA1FE0DB3CF1 /* FeedItemMapper.swift */,
				1D0D8110EF98257A11799DC9 /* HTTPClient.swift */,
				3E9CAE13C843D796676318D4 /* RemoteFeedLoader.swift */,
			);
			path = "Feed API";
			sourceTree = "<group>";
		};
/* End PBXGroup section */

/* Begin PBXNativeTarget section */
		023D94693D2DD54699F3A99D /* EssentialFeedTests */ = {
			isa = PBXNativeTarget;
			buildConfigurationList = 0371F7D8C4941E335F8298D2 /* Build configuration list for PBXNativeTarget "EssentialFeedTests" */;
			buildPhases = (
				DEB6718402AD3B3805017ABE /* Sources */,
			);
			buildRules = (
			);
			dependencies = (
				2F05194AB7DA0FC26FD54932 /* PBXTargetDependency */,
			);
			name = EssentialFeedTests;
			productName = EssentialFeedTests;
			productReference = A3A7B6F35877608D893758B1 /* EssentialFeedTests.xctest */;
			productType = "com.apple.product-type.bundle.unit-test";
		};
		99A3940170413F7FE89449DE /* EssentialFeed */ = {
			isa = PBXNativeTarget;
			buildConfigurationList = B463EEF38E07268A3A1A36DB /* Build configuration list for PBXNativeTarget "EssentialFeed" */;
			buildPhases = (
				B684ED58C74E55BDC8D23289 /* Sources */,
				2ACC1DABEC2110AB5ADAAA45 /* Resources */,
			);
			buildRules = (
			);
			dependencies = (
			);
			name = EssentialFeed;
			productName = EssentialFeed;
			productReference = D3DD65C40972D709EFEC63F4 /* EssentialFeed.app */;
			productType = "com.apple.product-type.application";
		};
/* End PBXNativeTarget section */

/* Begin PBXProject section */
		C8A66836E32E023374EEC523 /* Project object */ = {
			isa = PBXProject;
			attributes = {
				LastUpgradeCheck = 1321;
				TargetAttributes = {
					023D94693D2DD54699F3A99D = {
						ProvisioningStyle = Manual;
					};
					99A3940170413F7FE89449DE = {
						ProvisioningStyle = Manual;
					};
				};
			};
			buildConfigurationList = 467550CAB60A570ABE194FF1 /* Build configuration list for PBXProject "EssentialFeed" */;
			compatibilityVersion = "Xcode 10.0";
			developmentRegion = en;
			hasScannedForEncodings = 0;
			knownRegions = (
				Base,
				en,
			);
			mainGroup = 7C6BE2136EF54CDD8636D422;
			projectDirPath = "";
			projectRoot = "";
			targets = (
				99A3940170413F7FE89449DE /* EssentialFeed */,
				023D94693D2DD54699F3A99D /* EssentialFeedTests */,
			);
		};
/* End PBXProject section */

/* Begin PBXResourcesBuildPhase section */
		2ACC1DABEC2110AB5ADAAA45 /* Resources */ = {
			isa = PBXResourcesBuildPhase;
			buildActionMask = 2147483647;
			files = (
				166EC8A764A8F362BFC10AEC /* Assets.xcassets in Resources */,
				2DD3D3F571F561E8351DF263 /* LaunchScreen.storyboard in Resources */,
				8D763718B768C610F18DEB2F /* Main.storyboard in Resources */,
			);
			runOnlyForDeploymentPostprocessing = 0;
		};
/* End PBXResourcesBuildPhase section */

/* Begin PBXSourcesBuildPhase section */
		B684ED58C74E55BDC8D23289 /* Sources */ = {
			isa = PBXSourcesBuildPhase;
			buildActionMask = 2147483647;
			files = (
				EEBEC4A9F103DD5F98E09984 /* AppDelegate.swift in Sources */,
				7C23C0EB4F918BD50721D8E3 /* FeedItem.swift in Sources */,
				C58DE3E1BD048A6142F7D9BD /* FeedItemMapper.swift in Sources */,
				38F5F42FD93E298CFAE81D2B /* FeedLoader.swift in Sources */,
				696A39DAB6DA7F7E6B8A5745 /* HTTPClient.swift in Sources */,
				EB14DC1C7490EAAAB46530B9 /* RemoteFeedLoader.swift in Sources */,
				7478709CDB72D75E469B170E /* SceneDelegate.swift in Sources */,
				F188ACFB1F0157C770AA1A09 /* ViewController.swift in Sources */,
			);
			runOnlyForDeploymentPostprocessing = 0;
		};
		DEB6718402AD3B3805017ABE /* Sources */ = {
			isa = PBXSourcesBuildPhase;
			buildActionMask = 2147483647;
			files = (
				0FE51C0EE69C3DBF2FC21E20 /* RemoteFeedLoaderTests.swift in Sources */,
			);
			runOnlyForDeploymentPostprocessing = 0;
		};
/* End PBXSourcesBuildPhase section */

/* Begin PBXTargetDependency section */
		2F05194AB7DA0FC26FD54932 /* PBXTargetDependency */ = {
			isa = PBXTargetDependency;
			target = 99A3940170413F7FE89449DE /* EssentialFeed */;
			targetProxy = 42CF28C54AB74F6A0E5521EB /* PBXContainerItemProxy */;
		};
/* End PBXTargetDependency section */

/* Begin PBXVariantGroup section */
		33FED0E1FAEAE2C5168AF289 /* Main.storyboard */ = {
			isa = PBXVariantGroup;
			children = (
				8B312E08564758199491DD60 /* Base */,
			);
			name = Main.storyboard;
			sourceTree = "<group>";
		};
		35122ADB515B5735166BBE78 /* LaunchScreen.storyboard */ = {
			isa = PBXVariantGroup;
			children = (
				BF8890B2651DD19578021E9D /* Base */,
			);
			name = LaunchScreen.storyboard;
			sourceTree = "<group>";
		};
/* End PBXVariantGroup section */

/* Begin XCBuildConfiguration section */
		270FF91FFA3709EFF72055DB /* Release */ = {
			isa = XCBuildConfiguration;
			buildSettings = {
				BUNDLE_LOADER = "$(TEST_HOST)";
				CODE_SIGN_STYLE = Manual;
				"EXCLUDED_ARCHS[sdk=iphonesimulator*]" = arm64;
				INFOPLIST_FILE = EssentialFeedTests/Info.plist;
				LD_RUNPATH_SEARCH_PATHS = (
					"$(inherited)",
					"@executable_path/Frameworks",
					"@loader_path/Frameworks",
				);
				PRODUCT_BUNDLE_IDENTIFIER = com.jill.app.EssentialFeedTests;
				SDKROOT = iphoneos;
				TARGETED_DEVICE_FAMILY = "1,2";
				TEST_HOST = "$(BUILT_PRODUCTS_DIR)/EssentialFeed.app/EssentialFeed";
			};
			name = Release;
		};
		2BF2CCD0705F055B7D9A0202 /* Debug */ = {
			isa = XCBuildConfiguration;
			buildSettings = {
				ASSETCATALOG_COMPILER_APPICON_NAME = AppIcon;
				CODE_SIGN_IDENTITY = "iPhone Developer";
				CODE_SIGN_STYLE = Manual;
				"EXCLUDED_ARCHS[sdk=iphonesimulator*]" = arm64;
				INFOPLIST_FILE = EssentialFeed/Info.plist;
				LD_RUNPATH_SEARCH_PATHS = (
					"$(inherited)",
					"@executable_path/Frameworks",
				);
				PRODUCT_BUNDLE_IDENTIFIER = com.jill.app.EssentialFeed;
				SDKROOT = iphoneos;
				TARGETED_DEVICE_FAMILY = "1,2";
			};
			name = Debug;
		};
		5509998B72A84280CC9DFE44 /* Debug */ = {
			isa = XCBuildConfiguration;
			buildSettings = {
				ALWAYS_SEARCH_USER_PATHS = NO;
				CLANG_ANALYZER_NONNULL = YES;
				CLANG_ANALYZER_NUMBER_OBJECT_CONVERSION = YES_AGGRESSIVE;
				CLANG_CXX_LANGUAGE_STANDARD = "gnu++14";
				CLANG_CXX_LIBRARY = "libc++";
				CLANG_ENABLE_MODULES = YES;
				CLANG_ENABLE_OBJC_ARC = YES;
				CLANG_ENABLE_OBJC_WEAK = YES;
				CLANG_WARN_BLOCK_CAPTURE_AUTORELEASING = YES;
				CLANG_WARN_BOOL_CONVERSION = YES;
				CLANG_WARN_COMMA = YES;
				CLANG_WARN_CONSTANT_CONVERSION = YES;
				CLANG_WARN_DEPRECATED_OBJC_IMPLEMENTATIONS = YES;
				CLANG_WARN_DIRECT_OBJC_ISA_USAGE = YES_ERROR;
				CLANG_WARN_DOCUMENTATION_COMMENTS = YES;
				CLANG_WARN_EMPTY_BODY = YES;
				CLANG_WARN_ENUM_CONVERSION = YES;
				CLANG_WARN_INFINITE_RECURSION = YES;
				CLANG_WARN_INT_CONVERSION = YES;
				CLANG_WARN_NON_LITERAL_NULL_CONVERSION = YES;
				CLANG_WARN_OBJC_IMPLICIT_RETAIN_SELF = YES;
				CLANG_WARN_OBJC_LITERAL_CONVERSION = YES;
				CLANG_WARN_OBJC_ROOT_CLASS = YES_ERROR;
				CLANG_WARN_QUOTED_INCLUDE_IN_FRAMEWORK_HEADER = YES;
				CLANG_WARN_RANGE_LOOP_ANALYSIS = YES;
				CLANG_WARN_STRICT_PROTOTYPES = YES;
				CLANG_WARN_SUSPICIOUS_MOVE = YES;
				CLANG_WARN_UNGUARDED_AVAILABILITY = YES_AGGRESSIVE;
				CLANG_WARN_UNREACHABLE_CODE = YES;
				CLANG_WARN__DUPLICATE_METHOD_MATCH = YES;
				COPY_PHASE_STRIP = NO;
				DEBUG_INFORMATION_FORMAT = dwarf;
				ENABLE_STRICT_OBJC_MSGSEND = YES;
				ENABLE_TESTABILITY = YES;
				GCC_C_LANGUAGE_STANDARD = gnu11;
				GCC_DYNAMIC_NO_PIC = NO;
				GCC_NO_COMMON_BLOCKS = YES;
				GCC_OPTIMIZATION_LEVEL = 0;
				GCC_PREPROCESSOR_DEFINITIONS = (
					"$(inherited)",
					"DEBUG=1",
				);
				GCC_WARN_64_TO_32_BIT_CONVERSION = YES;
				GCC_WARN_ABOUT_RETURN_TYPE = YES_ERROR;
				GCC_WARN_UNDECLARED_SELECTOR = YES;
				GCC_WARN_UNINITIALIZED_AUTOS = YES_AGGRESSIVE;
				GCC_WARN_UNUSED_FUNCTION = YES;
				GCC_WARN_UNUSED_VARIABLE = YES;
				IPHONEOS_DEPLOYMENT_TARGET = 13.0;
				MTL_ENABLE_DEBUG_INFO = INCLUDE_SOURCE;
				MTL_FAST_MATH = YES;
				ONLY_ACTIVE_ARCH = YES;
				PRODUCT_NAME = "$(TARGET_NAME)";
				SDKROOT = iphoneos;
				SWIFT_ACTIVE_COMPILATION_CONDITIONS = DEBUG;
				SWIFT_OPTIMIZATION_LEVEL = "-Onone";
				SWIFT_VERSION = 5.0;
			};
			name = Debug;
		};
		57C9155C5E4B9092EF7E35F3 /* Debug */ = {
			isa = XCBuildConfiguration;
			buildSettings = {
				BUNDLE_LOADER = "$(TEST_HOST)";
				CODE_SIGN_STYLE = Manual;
				"EXCLUDED_ARCHS[sdk=iphonesimulator*]" = arm64;
				INFOPLIST_FILE = EssentialFeedTests/Info.plist;
				LD_RUNPATH_SEARCH_PATHS = (
					"$(inherited)",
					"@executable_path/Frameworks",
					"@loader_path/Frameworks",
				);
				PRODUCT_BUNDLE_IDENTIFIER = com.jill.app.EssentialFeedTests;
				SDKROOT = iphoneos;
				TARGETED_DEVICE_FAMILY = "1,2";
				TEST_HOST = "$(BUILT_PRODUCTS_DIR)/EssentialFeed.app/EssentialFeed";
			};
			name = Debug;
		};
		9D025E61E7B3E65010DAC237 /* Release */ = {
			isa = XCBuildConfiguration;
			buildSettings = {
				ASSETCATALOG_COMPILER_APPICON_NAME = AppIcon;
				CODE_SIGN_IDENTITY = "iPhone Developer";
				CODE_SIGN_STYLE = Manual;
				"EXCLUDED_ARCHS[sdk=iphonesimulator*]" = arm64;
				INFOPLIST_FILE = EssentialFeed/Info.plist;
				LD_RUNPATH_SEARCH_PATHS = (
					"$(inherited)",
					"@executable_path/Frameworks",
				);
				PRODUCT_BUNDLE_IDENTIFIER = com.jill.app.EssentialFeed;
				SDKROOT = iphoneos;
				TARGETED_DEVICE_FAMILY = "1,2";
			};
			name = Release;
		};
		FFC0EC92E45DDA7D504B3752 /* Release */ = {
			isa = XCBuildConfiguration;
			buildSettings = {
				ALWAYS_SEARCH_USER_PATHS = NO;
				CLANG_ANALYZER_NONNULL = YES;
				CLANG_ANALYZER_NUMBER_OBJECT_CONVERSION = YES_AGGRESSIVE;
				CLANG_CXX_LANGUAGE_STANDARD = "gnu++14";
				CLANG_CXX_LIBRARY = "libc++";
				CLANG_ENABLE_MODULES = YES;
				CLANG_ENABLE_OBJC_ARC = YES;
				CLANG_ENABLE_OBJC_WEAK = YES;
				CLANG_WARN_BLOCK_CAPTURE_AUTORELEASING = YES;
				CLANG_WARN_BOOL_CONVERSION = YES;
				CLANG_WARN_COMMA = YES;
				CLANG_WARN_CONSTANT_CONVERSION = YES;
				CLANG_WARN_DEPRECATED_OBJC_IMPLEMENTATIONS = YES;
				CLANG_WARN_DIRECT_OBJC_ISA_USAGE = YES_ERROR;
				CLANG_WARN_DOCUMENTATION_COMMENTS = YES;
				CLANG_WARN_EMPTY_BODY = YES;
				CLANG_WARN_ENUM_CONVERSION = YES;
				CLANG_WARN_INFINITE_RECURSION = YES;
				CLANG_WARN_INT_CONVERSION = YES;
				CLANG_WARN_NON_LITERAL_NULL_CONVERSION = YES;
				CLANG_WARN_OBJC_IMPLICIT_RETAIN_SELF = YES;
				CLANG_WARN_OBJC_LITERAL_CONVERSION = YES;
				CLANG_WARN_OBJC_ROOT_CLASS = YES_ERROR;
				CLANG_WARN_QUOTED_INCLUDE_IN_FRAMEWORK_HEADER = YES;
				CLANG_WARN_RANGE_LOOP_ANALYSIS = YES;
				CLANG_WARN_STRICT_PROTOTYPES = YES;
				CLANG_WARN_SUSPICIOUS_MOVE = YES;
				CLANG_WARN_UNGUARDED_AVAILABILITY = YES_AGGRESSIVE;
				CLANG_WARN_UNREACHABLE_CODE = YES;
				CLANG_WARN__DUPLICATE_METHOD_MATCH = YES;
				COPY_PHASE_STRIP = NO;
				DEBUG_INFORMATION_FORMAT = "dwarf-with-dsym";
				ENABLE_NS_ASSERTIONS = NO;
				ENABLE_STRICT_OBJC_MSGSEND = YES;
				GCC_C_LANGUAGE_STANDARD = gnu11;
				GCC_NO_COMMON_BLOCKS = YES;
				GCC_WARN_64_TO_32_BIT_CONVERSION = YES;
				GCC_WARN_ABOUT_RETURN_TYPE = YES_ERROR;
				GCC_WARN_UNDECLARED_SELECTOR = YES;
				GCC_WARN_UNINITIALIZED_AUTOS = YES_AGGRESSIVE;
				GCC_WARN_UNUSED_FUNCTION = YES;
				GCC_WARN_UNUSED_VARIABLE = YES;
				IPHONEOS_DEPLOYMENT_TARGET = 13.0;
				MTL_ENABLE_DEBUG_INFO = NO;
				MTL_FAST_MATH = YES;
				PRODUCT_NAME = "$(TARGET_NAME)";
				SDKROOT = iphoneos;
				SWIFT_COMPILATION_MODE = wholemodule;
				SWIFT_OPTIMIZATION_LEVEL = "-O";
				SWIFT_VERSION = 5.0;
			};
			name = Release;
		};
/* End XCBuildConfiguration section */

/* Begin XCConfigurationList section */
		0371F7D8C4941E335F8298D2 /* Build configuration list for PBXNativeTarget "EssentialFeedTests" */ = {
			isa = XCConfigurationList;
			buildConfigurations = (
				57C9155C5E4B9092EF7E35F3 /* Debug */,
				270FF91FFA3709EFF72055DB /* Release */,
			);
			defaultConfigurationIsVisible = 0;
			defaultConfigurationName = Debug;
		};
		467550CAB60A570ABE194FF1 /* Build configuration list for PBXProject "EssentialFeed" */ = {
			isa = XCConfigurationList;
			buildConfigurations = (
				5509998B72A84280CC9DFE44 /* Debug */,
				FFC0EC92E45DDA7D504B3752 /* Release */,
			);
			defaultConfigurationIsVisible = 0;
			defaultConfigurationName = Debug;
		};
		B463EEF38E07268A3A1A36DB /* Build configuration list for PBXNativeTarget "EssentialFeed" */ = {
			isa = XCConfigurationList;
			buildConfigurations = (
				2BF2CCD0705F055B7D9A0202 /* Debug */,
				9D025E61E7B3E65010DAC237 /* Release */,
			);
			defaultConfigurationIsVisible = 0;
			defaultConfigurationName = Debug;
		};
/* End XCConfigurationList section */
	};
	rootObject = C8A66836E32E023374EEC523 /* Project object */;
}
